
Microsoft Visual Studio Solution File, Format Version 12.00
# Visual Studio Version 16
VisualStudioVersion = 16.0.31025.218
MinimumVisualStudioVersion = 10.0.40219.1
Project("{9A19103F-16F7-4668-BE54-9A1E7A4F7556}") = "APIFinancas", "APIFinancas.csproj", "{C763817A-2822-4185-AD0D-4F80DBE3AD3D}"
EndProject
Global
	GlobalSection(SolutionConfigurationPlatforms) = preSolution
		Debug|Any CPU = Debug|Any CPU
		Release|Any CPU = Release|Any CPU
	EndGlobalSection
	GlobalSection(ProjectConfigurationPlatforms) = postSolution
		{C763817A-2822-4185-AD0D-4F80DBE3AD3D}.Debug|Any CPU.ActiveCfg = Debug|Any CPU
		{C763817A-2822-4185-AD0D-4F80DBE3AD3D}.Debug|Any CPU.Build.0 = Debug|Any CPU
		{C763817A-2822-4185-AD0D-4F80DBE3AD3D}.Release|Any CPU.ActiveCfg = Release|Any CPU
		{C763817A-2822-4185-AD0D-4F80DBE3AD3D}.Release|Any CPU.Build.0 = Release|Any CPU
	EndGlobalSection
	GlobalSection(SolutionProperties) = preSolution
		HideSolutionNode = FALSE
	EndGlobalSection
	GlobalSection(ExtensibilityGlobals) = postSolution
		SolutionGuid = {3DDEC1AE-1119-4CA6-88AB-4E70720443FD}
	EndGlobalSection
EndGlobal
